Microsoft Visual Studio Solution File, Format Version 12.00
# Visual Studio 2012
Project("{FAE04EC0-301F-11D3-BF4B-00C04F79EFBC}") = "2D Movement", "2D Movement.csproj", "{CBE2814E-D111-498F-B9B3-2652DFDD1229}"
EndProject
Global
	GlobalSection(SolutionConfigurationPlatforms) = preSolution
	Debug|Any CPU = Debug|Any CPU
	ExportDebug|Any CPU = ExportDebug|Any CPU
	ExportRelease|Any CPU = ExportRelease|Any CPU
	EndGlobalSection
	GlobalSection(ProjectConfigurationPlatforms) = postSolution
		{CBE2814E-D111-498F-B9B3-2652DFDD1229}.Debug|Any CPU.ActiveCfg = Debug|Any CPU
		{CBE2814E-D111-498F-B9B3-2652DFDD1229}.Debug|Any CPU.Build.0 = Debug|Any CPU
		{CBE2814E-D111-498F-B9B3-2652DFDD1229}.ExportDebug|Any CPU.ActiveCfg = ExportDebug|Any CPU
		{CBE2814E-D111-498F-B9B3-2652DFDD1229}.ExportDebug|Any CPU.Build.0 = ExportDebug|Any CPU
		{CBE2814E-D111-498F-B9B3-2652DFDD1229}.ExportRelease|Any CPU.ActiveCfg = ExportRelease|Any CPU
		{CBE2814E-D111-498F-B9B3-2652DFDD1229}.ExportRelease|Any CPU.Build.0 = ExportRelease|Any CPU
	EndGlobalSection
EndGlobal
